
Microsoft Visual Studio Solution File, Format Version 12.00
# Visual Studio Version 16
VisualStudioVersion = 16.0.31313.79
MinimumVisualStudioVersion = 10.0.40219.1
Project("{9A19103F-16F7-4668-BE54-9A1E7A4F7556}") = "MyBookAPI", "MyBookAPI\MyBookAPI.csproj", "{993EDBDE-E90F-463B-8240-86B70AAFEDB8}"
EndProject
Project("{2150E333-8FDC-42A3-9474-1A3956D46DE8}") = "Core", "Core", "{80DFAEAF-3F5C-48C6-AA58-D834A9CDFD46}"
EndProject
Project("{2150E333-8FDC-42A3-9474-1A3956D46DE8}") = "Infrastructure", "Infrastructure", "{C9708DF3-66D8-442E-8F47-8F5ECC6D8236}"
EndProject
Project("{2150E333-8FDC-42A3-9474-1A3956D46DE8}") = "Presentation", "Presentation", "{F1101E30-34D2-4D62-A056-BAD0EEF4707A}"
EndProject
Project("{FAE04EC0-301F-11D3-BF4B-00C04F79EFBC}") = "MyBookAPI.Infrastructure", "MyBookAPI.Infrastructure\MyBookAPI.Infrastructure.csproj", "{77A8C9B6-3213-49D3-905F-3CC639491A15}"
EndProject
Project("{FAE04EC0-301F-11D3-BF4B-00C04F79EFBC}") = "MyBookAPI.Persistance", "MyBookAPI.Persistance\MyBookAPI.Persistance.csproj", "{FEFE46D9-A4F2-4C23-AA33-C59D89EE3D79}"
EndProject
Project("{FAE04EC0-301F-11D3-BF4B-00C04F79EFBC}") = "MyBookAPI.Application", "MyBookAPI.Application\MyBookAPI.Application.csproj", "{2BA85EC8-04DE-44AF-87F1-A39FE0D2FF93}"
EndProject
Project("{FAE04EC0-301F-11D3-BF4B-00C04F79EFBC}") = "MyBookAPI.Common", "MyBookAPI.Common\MyBookAPI.Common.csproj", "{A46FB766-6300-4D80-BE10-0F354FB17F05}"
EndProject
Project("{FAE04EC0-301F-11D3-BF4B-00C04F79EFBC}") = "MyBookAPI.Domain", "MyBookAPI.Domain\MyBookAPI.Domain.csproj", "{593CB994-4609-4C70-9735-A9BA404A8CF6}"
EndProject
Global
	GlobalSection(SolutionConfigurationPlatforms) = preSolution
		Debug|Any CPU = Debug|Any CPU
		Release|Any CPU = Release|Any CPU
	EndGlobalSection
	GlobalSection(ProjectConfigurationPlatforms) = postSolution
		{993EDBDE-E90F-463B-8240-86B70AAFEDB8}.Debug|Any CPU.ActiveCfg = Debug|Any CPU
		{993EDBDE-E90F-463B-8240-86B70AAFEDB8}.Debug|Any CPU.Build.0 = Debug|Any CPU
		{993EDBDE-E90F-463B-8240-86B70AAFEDB8}.Release|Any CPU.ActiveCfg = Release|Any CPU
		{993EDBDE-E90F-463B-8240-86B70AAFEDB8}.Release|Any CPU.Build.0 = Release|Any CPU
		{77A8C9B6-3213-49D3-905F-3CC639491A15}.Debug|Any CPU.ActiveCfg = Debug|Any CPU
		{77A8C9B6-3213-49D3-905F-3CC639491A15}.Debug|Any CPU.Build.0 = Debug|Any CPU
		{77A8C9B6-3213-49D3-905F-3CC639491A15}.Release|Any CPU.ActiveCfg = Release|Any CPU
		{77A8C9B6-3213-49D3-905F-3CC639491A15}.Release|Any CPU.Build.0 = Release|Any CPU
		{FEFE46D9-A4F2-4C23-AA33-C59D89EE3D79}.Debug|Any CPU.ActiveCfg = Debug|Any CPU
		{FEFE46D9-A4F2-4C23-AA33-C59D89EE3D79}.Debug|Any CPU.Build.0 = Debug|Any CPU
		{FEFE46D9-A4F2-4C23-AA33-C59D89EE3D79}.Release|Any CPU.ActiveCfg = Release|Any CPU
		{FEFE46D9-A4F2-4C23-AA33-C59D89EE3D79}.Release|Any CPU.Build.0 = Release|Any CPU
		{2BA85EC8-04DE-44AF-87F1-A39FE0D2FF93}.Debug|Any CPU.ActiveCfg = Debug|Any CPU
		{2BA85EC8-04DE-44AF-87F1-A39FE0D2FF93}.Debug|Any CPU.Build.0 = Debug|Any CPU
		{2BA85EC8-04DE-44AF-87F1-A39FE0D2FF93}.Release|Any CPU.ActiveCfg = Release|Any CPU
		{2BA85EC8-04DE-44AF-87F1-A39FE0D2FF93}.Release|Any CPU.Build.0 = Release|Any CPU
		{A46FB766-6300-4D80-BE10-0F354FB17F05}.Debug|Any CPU.ActiveCfg = Debug|Any CPU
		{A46FB766-6300-4D80-BE10-0F354FB17F05}.Debug|Any CPU.Build.0 = Debug|Any CPU
		{A46FB766-6300-4D80-BE10-0F354FB17F05}.Release|Any CPU.ActiveCfg = Release|Any CPU
		{A46FB766-6300-4D80-BE10-0F354FB17F05}.Release|Any CPU.Build.0 = Release|Any CPU
		{593CB994-4609-4C70-9735-A9BA404A8CF6}.Debug|Any CPU.ActiveCfg = Debug|Any CPU
		{593CB994-4609-4C70-9735-A9BA404A8CF6}.Debug|Any CPU.Build.0 = Debug|Any CPU
		{593CB994-4609-4C70-9735-A9BA404A8CF6}.Release|Any CPU.ActiveCfg = Release|Any CPU
		{593CB994-4609-4C70-9735-A9BA404A8CF6}.Release|Any CPU.Build.0 = Release|Any CPU
	EndGlobalSection
	GlobalSection(SolutionProperties) = preSolution
		HideSolutionNode = FALSE
	EndGlobalSection
	GlobalSection(NestedProjects) = preSolution
		{993EDBDE-E90F-463B-8240-86B70AAFEDB8} = {F1101E30-34D2-4D62-A056-BAD0EEF4707A}
		{77A8C9B6-3213-49D3-905F-3CC639491A15} = {C9708DF3-66D8-442E-8F47-8F5ECC6D8236}
		{FEFE46D9-A4F2-4C23-AA33-C59D89EE3D79} = {C9708DF3-66D8-442E-8F47-8F5ECC6D8236}
		{2BA85EC8-04DE-44AF-87F1-A39FE0D2FF93} = {80DFAEAF-3F5C-48C6-AA58-D834A9CDFD46}
		{A46FB766-6300-4D80-BE10-0F354FB17F05} = {80DFAEAF-3F5C-48C6-AA58-D834A9CDFD46}
		{593CB994-4609-4C70-9735-A9BA404A8CF6} = {80DFAEAF-3F5C-48C6-AA58-D834A9CDFD46}
	EndGlobalSection
	GlobalSection(ExtensibilityGlobals) = postSolution
		SolutionGuid = {13764C53-7D79-4BAB-8664-D914F60B0B00}
	EndGlobalSection
EndGlobal
